// !$*UTF8*$!
{
	archiveVersion = 1;
	classes = {
	};
	objectVersion = 56;
	objects = {

/* Begin PBXBuildFile section */
		862ED47C6D825461CF56A12B /* Pods_Flix1Tests.framework in Frameworks */ = {isa = PBXBuildFile; fileRef = 528D0B9F37C9B51F74C642BB /* Pods_Flix1Tests.framework */; };
		CAB338E9AD59999AE4F7D92D /* Pods_Flix1_Flix1UITests.framework in Frameworks */ = {isa = PBXBuildFile; fileRef = 94A65978E237A0369519C8C8 /* Pods_Flix1_Flix1UITests.framework */; };
		CF34662D28D13B87006F4F8A /* AppDelegate.swift in Sources */ = {isa = PBXBuildFile; fileRef = CF34662C28D13B87006F4F8A /* AppDelegate.swift */; };
		CF34662F28D13B87006F4F8A /* SceneDelegate.swift in Sources */ = {isa = PBXBuildFile; fileRef = CF34662E28D13B87006F4F8A /* SceneDelegate.swift */; };
		CF34663128D13B87006F4F8A /* ViewController.swift in Sources */ = {isa = PBXBuildFile; fileRef = CF34663028D13B87006F4F8A /* ViewController.swift */; };
		CF34663428D13B87006F4F8A /* Main.storyboard in Resources */ = {isa = PBXBuildFile; fileRef = CF34663228D13B87006F4F8A /* Main.storyboard */; };
		CF34663628D13B87006F4F8A /* Assets.xcassets in Resources */ = {isa = PBXBuildFile; fileRef = CF34663528D13B87006F4F8A /* Assets.xcassets */; };
		CF34663928D13B87006F4F8A /* LaunchScreen.storyboard in Resources */ = {isa = PBXBuildFile; fileRef = CF34663728D13B87006F4F8A /* LaunchScreen.storyboard */; };
		CF34664428D13B87006F4F8A /* Flix1Tests.swift in Sources */ = {isa = PBXBuildFile; fileRef = CF34664328D13B87006F4F8A /* Flix1Tests.swift */; };
		CF34664E28D13B87006F4F8A /* Flix1UITests.swift in Sources */ = {isa = PBXBuildFile; fileRef = CF34664D28D13B87006F4F8A /* Flix1UITests.swift */; };
		CF34665028D13B87006F4F8A /* Flix1UITestsLaunchTests.swift in Sources */ = {isa = PBXBuildFile; fileRef = CF34664F28D13B87006F4F8A /* Flix1UITestsLaunchTests.swift */; };
		CF34665D28D14E39006F4F8A /* MovieCell.swift in Sources */ = {isa = PBXBuildFile; fileRef = CF34665C28D14E39006F4F8A /* MovieCell.swift */; };
		CF34666028D15761006F4F8A /* AlamofireImage in Frameworks */ = {isa = PBXBuildFile; productRef = CF34665F28D15761006F4F8A /* AlamofireImage */; };
		CF6FBCA728D972D900976D2C /* MovieDetailsViewController.swift in Sources */ = {isa = PBXBuildFile; fileRef = CF6FBCA628D972D900976D2C /* MovieDetailsViewController.swift */; };
		CFA816A228DA68C300EAF361 /* MovieGridViewController.swift in Sources */ = {isa = PBXBuildFile; fileRef = CFA816A128DA68C300EAF361 /* MovieGridViewController.swift */; };
		CFA816A428DA909300EAF361 /* MovieGridCell.swift in Sources */ = {isa = PBXBuildFile; fileRef = CFA816A328DA909300EAF361 /* MovieGridCell.swift */; };
		EB43ED8C2DB619881BBBD95B /* Pods_Flix1.framework in Frameworks */ = {isa = PBXBuildFile; fileRef = D5CFACF1D90A5D95B2C31E09 /* Pods_Flix1.framework */; };
/* End PBXBuildFile section */

/* Begin PBXContainerItemProxy section */
		CF34664028D13B87006F4F8A /* PBXContainerItemProxy */ = {
			isa = PBXContainerItemProxy;
			containerPortal = CF34662128D13B87006F4F8A /* Project object */;
			proxyType = 1;
			remoteGlobalIDString = CF34662828D13B87006F4F8A;
			remoteInfo = Flix1;
		};
		CF34664A28D13B87006F4F8A /* PBXContainerItemProxy */ = {
			isa = PBXContainerItemProxy;
			containerPortal = CF34662128D13B87006F4F8A /* Project object */;
			proxyType = 1;
			remoteGlobalIDString = CF34662828D13B87006F4F8A;
			remoteInfo = Flix1;
		};
/* End PBXContainerItemProxy section */

/* Begin PBXFileReference section */
		03D197016A4AD6E310E76809 /* Pods-Flix1Tests.debug.xcconfig */ = {isa = PBXFileReference; includeInIndex = 1; lastKnownFileType = text.xcconfig; name = "Pods-Flix1Tests.debug.xcconfig"; path = "Target Support Files/Pods-Flix1Tests/Pods-Flix1Tests.debug.xcconfig"; sourceTree = "<group>"; };
		0B39B34262EF97DE5E332E80 /* Pods-Flix1.release.xcconfig */ = {isa = PBXFileReference; includeInIndex = 1; lastKnownFileType = text.xcconfig; name = "Pods-Flix1.release.xcconfig"; path = "Target Support Files/Pods-Flix1/Pods-Flix1.release.xcconfig"; sourceTree = "<group>"; };
		11460BF9CB9641BD8EA94C31 /* Pods-Flix1.debug.xcconfig */ = {isa = PBXFileReference; includeInIndex = 1; lastKnownFileType = text.xcconfig; name = "Pods-Flix1.debug.xcconfig"; path = "Target Support Files/Pods-Flix1/Pods-Flix1.debug.xcconfig"; sourceTree = "<group>"; };
		528D0B9F37C9B51F74C642BB /* Pods_Flix1Tests.framework */ = {isa = PBXFileReference; explicitFileType = wrapper.framework; includeInIndex = 0; path = Pods_Flix1Tests.framework; sourceTree = BUILT_PRODUCTS_DIR; };
		864390A50CB441C5037FE73C /* Pods-Flix1Tests.release.xcconfig */ = {isa = PBXFileReference; includeInIndex = 1; lastKnownFileType = text.xcconfig; name = "Pods-Flix1Tests.release.xcconfig"; path = "Target Support Files/Pods-Flix1Tests/Pods-Flix1Tests.release.xcconfig"; sourceTree = "<group>"; };
		90E0469A84F6185DD848A90B /* Pods-Flix1-Flix1UITests.release.xcconfig */ = {isa = PBXFileReference; includeInIndex = 1; lastKnownFileType = text.xcconfig; name = "Pods-Flix1-Flix1UITests.release.xcconfig"; path = "Target Support Files/Pods-Flix1-Flix1UITests/Pods-Flix1-Flix1UITests.release.xcconfig"; sourceTree = "<group>"; };
		94A65978E237A0369519C8C8 /* Pods_Flix1_Flix1UITests.framework */ = {isa = PBXFileReference; explicitFileType = wrapper.framework; includeInIndex = 0; path = Pods_Flix1_Flix1UITests.framework; sourceTree = BUILT_PRODUCTS_DIR; };
		B26AA35F272A75C70CB894EC /* Pods-Flix1-Flix1UITests.debug.xcconfig */ = {isa = PBXFileReference; includeInIndex = 1; lastKnownFileType = text.xcconfig; name = "Pods-Flix1-Flix1UITests.debug.xcconfig"; path = "Target Support Files/Pods-Flix1-Flix1UITests/Pods-Flix1-Flix1UITests.debug.xcconfig"; sourceTree = "<group>"; };
		CF34662928D13B87006F4F8A /* Flix1.app */ = {isa = PBXFileReference; explicitFileType = wrapper.application; includeInIndex = 0; path = Flix1.app; sourceTree = BUILT_PRODUCTS_DIR; };
		CF34662C28D13B87006F4F8A /* AppDelegate.swift */ = {isa = PBXFileReference; lastKnownFileType = sourcecode.swift; path = AppDelegate.swift; sourceTree = "<group>"; };
		CF34662E28D13B87006F4F8A /* SceneDelegate.swift */ = {isa = PBXFileReference; lastKnownFileType = sourcecode.swift; path = SceneDelegate.swift; sourceTree = "<group>"; };
		CF34663028D13B87006F4F8A /* ViewController.swift */ = {isa = PBXFileReference; lastKnownFileType = sourcecode.swift; path = ViewController.swift; sourceTree = "<group>"; };
		CF34663328D13B87006F4F8A /* Base */ = {isa = PBXFileReference; lastKnownFileType = file.storyboard; name = Base; path = Base.lproj/Main.storyboard; sourceTree = "<group>"; };
		CF34663528D13B87006F4F8A /* Assets.xcassets */ = {isa = PBXFileReference; lastKnownFileType = folder.assetcatalog; path = Assets.xcassets; sourceTree = "<group>"; };
		CF34663828D13B87006F4F8A /* Base */ = {isa = PBXFileReference; lastKnownFileType = file.storyboard; name = Base; path = Base.lproj/LaunchScreen.storyboard; sourceTree = "<group>"; };
		CF34663A28D13B87006F4F8A /* Info.plist */ = {isa = PBXFileReference; lastKnownFileType = text.plist.xml; path = Info.plist; sourceTree = "<group>"; };
		CF34663F28D13B87006F4F8A /* Flix1Tests.xctest */ = {isa = PBXFileReference; explicitFileType = wrapper.cfbundle; includeInIndex = 0; path = Flix1Tests.xctest; sourceTree = BUILT_PRODUCTS_DIR; };
		CF34664328D13B87006F4F8A /* Flix1Tests.swift */ = {isa = PBXFileReference; lastKnownFileType = sourcecode.swift; path = Flix1Tests.swift; sourceTree = "<group>"; };
		CF34664928D13B87006F4F8A /* Flix1UITests.xctest */ = {isa = PBXFileReference; explicitFileType = wrapper.cfbundle; includeInIndex = 0; path = Flix1UITests.xctest; sourceTree = BUILT_PRODUCTS_DIR; };
		CF34664D28D13B87006F4F8A /* Flix1UITests.swift */ = {isa = PBXFileReference; lastKnownFileType = sourcecode.swift; path = Flix1UITests.swift; sourceTree = "<group>"; };
		CF34664F28D13B87006F4F8A /* Flix1UITestsLaunchTests.swift */ = {isa = PBXFileReference; lastKnownFileType = sourcecode.swift; path = Flix1UITestsLaunchTests.swift; sourceTree = "<group>"; };
		CF34665C28D14E39006F4F8A /* MovieCell.swift */ = {isa = PBXFileReference; lastKnownFileType = sourcecode.swift; path = MovieCell.swift; sourceTree = "<group>"; };
		CF6FBCA628D972D900976D2C /* MovieDetailsViewController.swift */ = {isa = PBXFileReference; lastKnownFileType = sourcecode.swift; path = MovieDetailsViewController.swift; sourceTree = "<group>"; };
		CFA816A128DA68C300EAF361 /* MovieGridViewController.swift */ = {isa = PBXFileReference; lastKnownFileType = sourcecode.swift; path = MovieGridViewController.swift; sourceTree = "<group>"; };
		CFA816A328DA909300EAF361 /* MovieGridCell.swift */ = {isa = PBXFileReference; lastKnownFileType = sourcecode.swift; path = MovieGridCell.swift; sourceTree = "<group>"; };
		D5CFACF1D90A5D95B2C31E09 /* Pods_Flix1.framework */ = {isa = PBXFileReference; explicitFileType = wrapper.framework; includeInIndex = 0; path = Pods_Flix1.framework; sourceTree = BUILT_PRODUCTS_DIR; };
/* End PBXFileReference section */

/* Begin PBXFrameworksBuildPhase section */
		CF34662628D13B87006F4F8A /* Frameworks */ = {
			isa = PBXFrameworksBuildPhase;
			buildActionMask = 2147483647;
			files = (
				CF34666028D15761006F4F8A /* AlamofireImage in Frameworks */,
				EB43ED8C2DB619881BBBD95B /* Pods_Flix1.framework in Frameworks */,
			);
			runOnlyForDeploymentPostprocessing = 0;
		};
		CF34663C28D13B87006F4F8A /* Frameworks */ = {
			isa = PBXFrameworksBuildPhase;
			buildActionMask = 2147483647;
			files = (
				862ED47C6D825461CF56A12B /* Pods_Flix1Tests.framework in Frameworks */,
			);
			runOnlyForDeploymentPostprocessing = 0;
		};
		CF34664628D13B87006F4F8A /* Frameworks */ = {
			isa = PBXFrameworksBuildPhase;
			buildActionMask = 2147483647;
			files = (
				CAB338E9AD59999AE4F7D92D /* Pods_Flix1_Flix1UITests.framework in Frameworks */,
			);
			runOnlyForDeploymentPostprocessing = 0;
		};
/* End PBXFrameworksBuildPhase section */

/* Begin PBXGroup section */
		18B4A5E8FC90D97C667C09A7 /* Pods */ = {
			isa = PBXGroup;
			children = (
				11460BF9CB9641BD8EA94C31 /* Pods-Flix1.debug.xcconfig */,
				0B39B34262EF97DE5E332E80 /* Pods-Flix1.release.xcconfig */,
				B26AA35F272A75C70CB894EC /* Pods-Flix1-Flix1UITests.debug.xcconfig */,
				90E0469A84F6185DD848A90B /* Pods-Flix1-Flix1UITests.release.xcconfig */,
				03D197016A4AD6E310E76809 /* Pods-Flix1Tests.debug.xcconfig */,
				864390A50CB441C5037FE73C /* Pods-Flix1Tests.release.xcconfig */,
			);
			path = Pods;
			sourceTree = "<group>";
		};
		CF34662028D13B87006F4F8A = {
			isa = PBXGroup;
			children = (
				CF34662B28D13B87006F4F8A /* Flix1 */,
				CF34664228D13B87006F4F8A /* Flix1Tests */,
				CF34664C28D13B87006F4F8A /* Flix1UITests */,
				CF34662A28D13B87006F4F8A /* Products */,
				18B4A5E8FC90D97C667C09A7 /* Pods */,
				FE83BDD638DF0C607946296C /* Frameworks */,
			);
			sourceTree = "<group>";
		};
		CF34662A28D13B87006F4F8A /* Products */ = {
			isa = PBXGroup;
			children = (
				CF34662928D13B87006F4F8A /* Flix1.app */,
				CF34663F28D13B87006F4F8A /* Flix1Tests.xctest */,
				CF34664928D13B87006F4F8A /* Flix1UITests.xctest */,
			);
			name = Products;
			sourceTree = "<group>";
		};
		CF34662B28D13B87006F4F8A /* Flix1 */ = {
			isa = PBXGroup;
			children = (
				CF34662C28D13B87006F4F8A /* AppDelegate.swift */,
				CF34662E28D13B87006F4F8A /* SceneDelegate.swift */,
				CF34663228D13B87006F4F8A /* Main.storyboard */,
				CF34663528D13B87006F4F8A /* Assets.xcassets */,
				CF34663728D13B87006F4F8A /* LaunchScreen.storyboard */,
				CF34663A28D13B87006F4F8A /* Info.plist */,
				CF34663028D13B87006F4F8A /* ViewController.swift */,
				CF34665C28D14E39006F4F8A /* MovieCell.swift */,
				CF6FBCA628D972D900976D2C /* MovieDetailsViewController.swift */,
				CFA816A128DA68C300EAF361 /* MovieGridViewController.swift */,
				CFA816A328DA909300EAF361 /* MovieGridCell.swift */,
			);
			path = Flix1;
			sourceTree = "<group>";
		};
		CF34664228D13B87006F4F8A /* Flix1Tests */ = {
			isa = PBXGroup;
			children = (
				CF34664328D13B87006F4F8A /* Flix1Tests.swift */,
			);
			path = Flix1Tests;
			sourceTree = "<group>";
		};
		CF34664C28D13B87006F4F8A /* Flix1UITests */ = {
			isa = PBXGroup;
			children = (
				CF34664D28D13B87006F4F8A /* Flix1UITests.swift */,
				CF34664F28D13B87006F4F8A /* Flix1UITestsLaunchTests.swift */,
			);
			path = Flix1UITests;
			sourceTree = "<group>";
		};
		FE83BDD638DF0C607946296C /* Frameworks */ = {
			isa = PBXGroup;
			children = (
				D5CFACF1D90A5D95B2C31E09 /* Pods_Flix1.framework */,
				94A65978E237A0369519C8C8 /* Pods_Flix1_Flix1UITests.framework */,
				528D0B9F37C9B51F74C642BB /* Pods_Flix1Tests.framework */,
			);
			name = Frameworks;
			sourceTree = "<group>";
		};
/* End PBXGroup section */

/* Begin PBXNativeTarget section */
		CF34662828D13B87006F4F8A /* Flix1 */ = {
			isa = PBXNativeTarget;
			buildConfigurationList = CF34665328D13B87006F4F8A /* Build configuration list for PBXNativeTarget "Flix1" */;
			buildPhases = (
				0D25C434E5043302ABD8725B /* [CP] Check Pods Manifest.lock */,
				CF34662528D13B87006F4F8A /* Sources */,
				CF34662628D13B87006F4F8A /* Frameworks */,
				CF34662728D13B87006F4F8A /* Resources */,
				2F00D3DBB6C36FBF9F564917 /* [CP] Embed Pods Frameworks */,
			);
			buildRules = (
			);
			dependencies = (
			);
			name = Flix1;
			packageProductDependencies = (
				CF34665F28D15761006F4F8A /* AlamofireImage */,
			);
			productName = Flix1;
			productReference = CF34662928D13B87006F4F8A /* Flix1.app */;
			productType = "com.apple.product-type.application";
		};
		CF34663E28D13B87006F4F8A /* Flix1Tests */ = {
			isa = PBXNativeTarget;
			buildConfigurationList = CF34665628D13B87006F4F8A /* Build configuration list for PBXNativeTarget "Flix1Tests" */;
			buildPhases = (
				BCA63F24713A6F7117717721 /* [CP] Check Pods Manifest.lock */,
				CF34663B28D13B87006F4F8A /* Sources */,
				CF34663C28D13B87006F4F8A /* Frameworks */,
				CF34663D28D13B87006F4F8A /* Resources */,
			);
			buildRules = (
			);
			dependencies = (
				CF34664128D13B87006F4F8A /* PBXTargetDependency */,
			);
			name = Flix1Tests;
			productName = Flix1Tests;
			productReference = CF34663F28D13B87006F4F8A /* Flix1Tests.xctest */;
			productType = "com.apple.product-type.bundle.unit-test";
		};
		CF34664828D13B87006F4F8A /* Flix1UITests */ = {
			isa = PBXNativeTarget;
			buildConfigurationList = CF34665928D13B87006F4F8A /* Build configuration list for PBXNativeTarget "Flix1UITests" */;
			buildPhases = (
				A062511B0507C06ED8CF18BC /* [CP] Check Pods Manifest.lock */,
				CF34664528D13B87006F4F8A /* Sources */,
				CF34664628D13B87006F4F8A /* Frameworks */,
				CF34664728D13B87006F4F8A /* Resources */,
				F5B51D5932B7133393F6E805 /* [CP] Embed Pods Frameworks */,
			);
			buildRules = (
			);
			dependencies = (
				CF34664B28D13B87006F4F8A /* PBXTargetDependency */,
			);
			name = Flix1UITests;
			productName = Flix1UITests;
			productReference = CF34664928D13B87006F4F8A /* Flix1UITests.xctest */;
			productType = "com.apple.product-type.bundle.ui-testing";
		};
/* End PBXNativeTarget section */

/* Begin PBXProject section */
		CF34662128D13B87006F4F8A /* Project object */ = {
			isa = PBXProject;
			attributes = {
				BuildIndependentTargetsInParallel = 1;
				LastSwiftUpdateCheck = 1400;
				LastUpgradeCheck = 1400;
				TargetAttributes = {
					CF34662828D13B87006F4F8A = {
						CreatedOnToolsVersion = 14.0;
					};
					CF34663E28D13B87006F4F8A = {
						CreatedOnToolsVersion = 14.0;
						TestTargetID = CF34662828D13B87006F4F8A;
					};
					CF34664828D13B87006F4F8A = {
						CreatedOnToolsVersion = 14.0;
						TestTargetID = CF34662828D13B87006F4F8A;
					};
				};
			};
			buildConfigurationList = CF34662428D13B87006F4F8A /* Build configuration list for PBXProject "Flix1" */;
			compatibilityVersion = "Xcode 14.0";
			developmentRegion = en;
			hasScannedForEncodings = 0;
			knownRegions = (
				en,
				Base,
			);
			mainGroup = CF34662028D13B87006F4F8A;
			packageReferences = (
				CF34665E28D15761006F4F8A /* XCRemoteSwiftPackageReference "AlamofireImage" */,
			);
			productRefGroup = CF34662A28D13B87006F4F8A /* Products */;
			projectDirPath = "";
			projectRoot = "";
			targets = (
				CF34662828D13B87006F4F8A /* Flix1 */,
				CF34663E28D13B87006F4F8A /* Flix1Tests */,
				CF34664828D13B87006F4F8A /* Flix1UITests */,
			);
		};
/* End PBXProject section */

/* Begin PBXResourcesBuildPhase section */
		CF34662728D13B87006F4F8A /* Resources */ = {
			isa = PBXResourcesBuildPhase;
			buildActionMask = 2147483647;
			files = (
				CF34663928D13B87006F4F8A /* LaunchScreen.storyboard in Resources */,
				CF34663628D13B87006F4F8A /* Assets.xcassets in Resources */,
				CF34663428D13B87006F4F8A /* Main.storyboard in Resources */,
			);
			runOnlyForDeploymentPostprocessing = 0;
		};
		CF34663D28D13B87006F4F8A /* Resources */ = {
			isa = PBXResourcesBuildPhase;
			buildActionMask = 2147483647;
			files = (
			);
			runOnlyForDeploymentPostprocessing = 0;
		};
		CF34664728D13B87006F4F8A /* Resources */ = {
			isa = PBXResourcesBuildPhase;
			buildActionMask = 2147483647;
			files = (
			);
			runOnlyForDeploymentPostprocessing = 0;
		};
/* End PBXResourcesBuildPhase section */

/* Begin PBXShellScriptBuildPhase section */
		0D25C434E5043302ABD8725B /* [CP] Check Pods Manifest.lock */ = {
			isa = PBXShellScriptBuildPhase;
			buildActionMask = 2147483647;
			files = (
			);
			inputFileListPaths = (
			);
			inputPaths = (
				"${PODS_PODFILE_DIR_PATH}/Podfile.lock",
				"${PODS_ROOT}/Manifest.lock",
			);
			name = "[CP] Check Pods Manifest.lock";
			outputFileListPaths = (
			);
			outputPaths = (
				"$(DERIVED_FILE_DIR)/Pods-Flix1-checkManifestLockResult.txt",
			);
			runOnlyForDeploymentPostprocessing = 0;
			shellPath = /bin/sh;
			shellScript = "diff \"${PODS_PODFILE_DIR_PATH}/Podfile.lock\" \"${PODS_ROOT}/Manifest.lock\" > /dev/null\nif [ $? != 0 ] ; then\n    # print error to STDERR\n    echo \"error: The sandbox is not in sync with the Podfile.lock. Run 'pod install' or update your CocoaPods installation.\" >&2\n    exit 1\nfi\n# This output is used by Xcode 'outputs' to avoid re-running this script phase.\necho \"SUCCESS\" > \"${SCRIPT_OUTPUT_FILE_0}\"\n";
			showEnvVarsInLog = 0;
		};
		2F00D3DBB6C36FBF9F564917 /* [CP] Embed Pods Frameworks */ = {
			isa = PBXShellScriptBuildPhase;
			buildActionMask = 2147483647;
			files = (
			);
			inputFileListPaths = (
				"${PODS_ROOT}/Target Support Files/Pods-Flix1/Pods-Flix1-frameworks-${CONFIGURATION}-input-files.xcfilelist",
			);
			name = "[CP] Embed Pods Frameworks";
			outputFileListPaths = (
				"${PODS_ROOT}/Target Support Files/Pods-Flix1/Pods-Flix1-frameworks-${CONFIGURATION}-output-files.xcfilelist",
			);
			runOnlyForDeploymentPostprocessing = 0;
			shellPath = /bin/sh;
			shellScript = "\"${PODS_ROOT}/Target Support Files/Pods-Flix1/Pods-Flix1-frameworks.sh\"\n";
			showEnvVarsInLog = 0;
		};
		A062511B0507C06ED8CF18BC /* [CP] Check Pods Manifest.lock */ = {
			isa = PBXShellScriptBuildPhase;
			buildActionMask = 2147483647;
			files = (
			);
			inputFileListPaths = (
			);
			inputPaths = (
				"${PODS_PODFILE_DIR_PATH}/Podfile.lock",
				"${PODS_ROOT}/Manifest.lock",
			);
			name = "[CP] Check Pods Manifest.lock";
			outputFileListPaths = (
			);
			outputPaths = (
				"$(DERIVED_FILE_DIR)/Pods-Flix1-Flix1UITests-checkManifestLockResult.txt",
			);
			runOnlyForDeploymentPostprocessing = 0;
			shellPath = /bin/sh;
			shellScript = "diff \"${PODS_PODFILE_DIR_PATH}/Podfile.lock\" \"${PODS_ROOT}/Manifest.lock\" > /dev/null\nif [ $? != 0 ] ; then\n    # print error to STDERR\n    echo \"error: The sandbox is not in sync with the Podfile.lock. Run 'pod install' or update your CocoaPods installation.\" >&2\n    exit 1\nfi\n# This output is used by Xcode 'outputs' to avoid re-running this script phase.\necho \"SUCCESS\" > \"${SCRIPT_OUTPUT_FILE_0}\"\n";
			showEnvVarsInLog = 0;
		};
		BCA63F24713A6F7117717721 /* [CP] Check Pods Manifest.lock */ = {
			isa = PBXShellScriptBuildPhase;
			buildActionMask = 2147483647;
			files = (
			);
			inputFileListPaths = (
			);
			inputPaths = (
				"${PODS_PODFILE_DIR_PATH}/Podfile.lock",
				"${PODS_ROOT}/Manifest.lock",
			);
			name = "[CP] Check Pods Manifest.lock";
			outputFileListPaths = (
			);
			outputPaths = (
				"$(DERIVED_FILE_DIR)/Pods-Flix1Tests-checkManifestLockResult.txt",
			);
			runOnlyForDeploymentPostprocessing = 0;
			shellPath = /bin/sh;
			shellScript = "diff \"${PODS_PODFILE_DIR_PATH}/Podfile.lock\" \"${PODS_ROOT}/Manifest.lock\" > /dev/null\nif [ $? != 0 ] ; then\n    # print error to STDERR\n    echo \"error: The sandbox is not in sync with the Podfile.lock. Run 'pod install' or update your CocoaPods installation.\" >&2\n    exit 1\nfi\n# This output is used by Xcode 'outputs' to avoid re-running this script phase.\necho \"SUCCESS\" > \"${SCRIPT_OUTPUT_FILE_0}\"\n";
			showEnvVarsInLog = 0;
		};
		F5B51D5932B7133393F6E805 /* [CP] Embed Pods Frameworks */ = {
			isa = PBXShellScriptBuildPhase;
			buildActionMask = 2147483647;
			files = (
			);
			inputFileListPaths = (
				"${PODS_ROOT}/Target Support Files/Pods-Flix1-Flix1UITests/Pods-Flix1-Flix1UITests-frameworks-${CONFIGURATION}-input-files.xcfilelist",
			);
			name = "[CP] Embed Pods Frameworks";
			outputFileListPaths = (
				"${PODS_ROOT}/Target Support Files/Pods-Flix1-Flix1UITests/Pods-Flix1-Flix1UITests-frameworks-${CONFIGURATION}-output-files.xcfilelist",
			);
			runOnlyForDeploymentPostprocessing = 0;
			shellPath = /bin/sh;
			shellScript = "\"${PODS_ROOT}/Target Support Files/Pods-Flix1-Flix1UITests/Pods-Flix1-Flix1UITests-frameworks.sh\"\n";
			showEnvVarsInLog = 0;
		};
/* End PBXShellScriptBuildPhase section */

/* Begin PBXSourcesBuildPhase section */
		CF34662528D13B87006F4F8A /* Sources */ = {
			isa = PBXSourcesBuildPhase;
			buildActionMask = 2147483647;
			files = (
				CF6FBCA728D972D900976D2C /* MovieDetailsViewController.swift in Sources */,
				CF34663128D13B87006F4F8A /* ViewController.swift in Sources */,
				CF34662D28D13B87006F4F8A /* AppDelegate.swift in Sources */,
				CF34665D28D14E39006F4F8A /* MovieCell.swift in Sources */,
				CF34662F28D13B87006F4F8A /* SceneDelegate.swift in Sources */,
				CFA816A228DA68C300EAF361 /* MovieGridViewController.swift in Sources */,
				CFA816A428DA909300EAF361 /* MovieGridCell.swift in Sources */,
			);
			runOnlyForDeploymentPostprocessing = 0;
		};
		CF34663B28D13B87006F4F8A /* Sources */ = {
			isa = PBXSourcesBuildPhase;
			buildActionMask = 2147483647;
			files = (
				CF34664428D13B87006F4F8A /* Flix1Tests.swift in Sources */,
			);
			runOnlyForDeploymentPostprocessing = 0;
		};
		CF34664528D13B87006F4F8A /* Sources */ = {
			isa = PBXSourcesBuildPhase;
			buildActionMask = 2147483647;
			files = (
				CF34664E28D13B87006F4F8A /* Flix1UITests.swift in Sources */,
				CF34665028D13B87006F4F8A /* Flix1UITestsLaunchTests.swift in Sources */,
			);
			runOnlyForDeploymentPostprocessing = 0;
		};
/* End PBXSourcesBuildPhase section */

/* Begin PBXTargetDependency section */
		CF34664128D13B87006F4F8A /* PBXTargetDependency */ = {
			isa = PBXTargetDependency;
			target = CF34662828D13B87006F4F8A /* Flix1 */;
			targetProxy = CF34664028D13B87006F4F8A /* PBXContainerItemProxy */;
		};
		CF34664B28D13B87006F4F8A /* PBXTargetDependency */ = {
			isa = PBXTargetDependency;
			target = CF34662828D13B87006F4F8A /* Flix1 */;
			targetProxy = CF34664A28D13B87006F4F8A /* PBXContainerItemProxy */;
		};
/* End PBXTargetDependency section */

/* Begin PBXVariantGroup section */
		CF34663228D13B87006F4F8A /* Main.storyboard */ = {
			isa = PBXVariantGroup;
			children = (
				CF34663328D13B87006F4F8A /* Base */,
			);
			name = Main.storyboard;
			sourceTree = "<group>";
		};
		CF34663728D13B87006F4F8A /* LaunchScreen.storyboard */ = {
			isa = PBXVariantGroup;
			children = (
				CF34663828D13B87006F4F8A /* Base */,
			);
			name = LaunchScreen.storyboard;
			sourceTree = "<group>";
		};
/* End PBXVariantGroup section */

/* Begin XCBuildConfiguration section */
		CF34665128D13B87006F4F8A /* Debug */ = {
			isa = XCBuildConfiguration;
			buildSettings = {
				ALWAYS_SEARCH_USER_PATHS = NO;
				CLANG_ANALYZER_NONNULL = YES;
				CLANG_ANALYZER_NUMBER_OBJECT_CONVERSION = YES_AGGRESSIVE;
				CLANG_CXX_LANGUAGE_STANDARD = "gnu++20";
				CLANG_ENABLE_MODULES = YES;
				CLANG_ENABLE_OBJC_ARC = YES;
				CLANG_ENABLE_OBJC_WEAK = YES;
				CLANG_WARN_BLOCK_CAPTURE_AUTORELEASING = YES;
				CLANG_WARN_BOOL_CONVERSION = YES;
				CLANG_WARN_COMMA = YES;
				CLANG_WARN_CONSTANT_CONVERSION = YES;
				CLANG_WARN_DEPRECATED_OBJC_IMPLEMENTATIONS = YES;
				CLANG_WARN_DIRECT_OBJC_ISA_USAGE = YES_ERROR;
				CLANG_WARN_DOCUMENTATION_COMMENTS = YES;
				CLANG_WARN_EMPTY_BODY = YES;
				CLANG_WARN_ENUM_CONVERSION = YES;
				CLANG_WARN_INFINITE_RECURSION = YES;
				CLANG_WARN_INT_CONVERSION = YES;
				CLANG_WARN_NON_LITERAL_NULL_CONVERSION = YES;
				CLANG_WARN_OBJC_IMPLICIT_RETAIN_SELF = YES;
				CLANG_WARN_OBJC_LITERAL_CONVERSION = YES;
				CLANG_WARN_OBJC_ROOT_CLASS = YES_ERROR;
				CLANG_WARN_QUOTED_INCLUDE_IN_FRAMEWORK_HEADER = YES;
				CLANG_WARN_RANGE_LOOP_ANALYSIS = YES;
				CLANG_WARN_STRICT_PROTOTYPES = YES;
				CLANG_WARN_SUSPICIOUS_MOVE = YES;
				CLANG_WARN_UNGUARDED_AVAILABILITY = YES_AGGRESSIVE;
				CLANG_WARN_UNREACHABLE_CODE = YES;
				CLANG_WARN__DUPLICATE_METHOD_MATCH = YES;
				COPY_PHASE_STRIP = NO;
				DEBUG_INFORMATION_FORMAT = dwarf;
				ENABLE_STRICT_OBJC_MSGSEND = YES;
				ENABLE_TESTABILITY = YES;
				GCC_C_LANGUAGE_STANDARD = gnu11;
				GCC_DYNAMIC_NO_PIC = NO;
				GCC_NO_COMMON_BLOCKS = YES;
				GCC_OPTIMIZATION_LEVEL = 0;
				GCC_PREPROCESSOR_DEFINITIONS = (
					"DEBUG=1",
					"$(inherited)",
				);
				GCC_WARN_64_TO_32_BIT_CONVERSION = YES;
				GCC_WARN_ABOUT_RETURN_TYPE = YES_ERROR;
				GCC_WARN_UNDECLARED_SELECTOR = YES;
				GCC_WARN_UNINITIALIZED_AUTOS = YES_AGGRESSIVE;
				GCC_WARN_UNUSED_FUNCTION = YES;
				GCC_WARN_UNUSED_VARIABLE = YES;
				IPHONEOS_DEPLOYMENT_TARGET = 16.0;
				MTL_ENABLE_DEBUG_INFO = INCLUDE_SOURCE;
				MTL_FAST_MATH = YES;
				ONLY_ACTIVE_ARCH = YES;
				SDKROOT = iphoneos;
				SWIFT_ACTIVE_COMPILATION_CONDITIONS = DEBUG;
				SWIFT_OPTIMIZATION_LEVEL = "-Onone";
			};
			name = Debug;
		};
		CF34665228D13B87006F4F8A /* Release */ = {
			isa = XCBuildConfiguration;
			buildSettings = {
				ALWAYS_SEARCH_USER_PATHS = NO;
				CLANG_ANALYZER_NONNULL = YES;
				CLANG_ANALYZER_NUMBER_OBJECT_CONVERSION = YES_AGGRESSIVE;
				CLANG_CXX_LANGUAGE_STANDARD = "gnu++20";
				CLANG_ENABLE_MODULES = YES;
				CLANG_ENABLE_OBJC_ARC = YES;
				CLANG_ENABLE_OBJC_WEAK = YES;
				CLANG_WARN_BLOCK_CAPTURE_AUTORELEASING = YES;
				CLANG_WARN_BOOL_CONVERSION = YES;
				CLANG_WARN_COMMA = YES;
				CLANG_WARN_CONSTANT_CONVERSION = YES;
				CLANG_WARN_DEPRECATED_OBJC_IMPLEMENTATIONS = YES;
				CLANG_WARN_DIRECT_OBJC_ISA_USAGE = YES_ERROR;
				CLANG_WARN_DOCUMENTATION_COMMENTS = YES;
				CLANG_WARN_EMPTY_BODY = YES;
				CLANG_WARN_ENUM_CONVERSION = YES;
				CLANG_WARN_INFINITE_RECURSION = YES;
				CLANG_WARN_INT_CONVERSION = YES;
				CLANG_WARN_NON_LITERAL_NULL_CONVERSION = YES;
				CLANG_WARN_OBJC_IMPLICIT_RETAIN_SELF = YES;
				CLANG_WARN_OBJC_LITERAL_CONVERSION = YES;
				CLANG_WARN_OBJC_ROOT_CLASS = YES_ERROR;
				CLANG_WARN_QUOTED_INCLUDE_IN_FRAMEWORK_HEADER = YES;
				CLANG_WARN_RANGE_LOOP_ANALYSIS = YES;
				CLANG_WARN_STRICT_PROTOTYPES = YES;
				CLANG_WARN_SUSPICIOUS_MOVE = YES;
				CLANG_WARN_UNGUARDED_AVAILABILITY = YES_AGGRESSIVE;
				CLANG_WARN_UNREACHABLE_CODE = YES;
				CLANG_WARN__DUPLICATE_METHOD_MATCH = YES;
				COPY_PHASE_STRIP = NO;
				DEBUG_INFORMATION_FORMAT = "dwarf-with-dsym";
				ENABLE_NS_ASSERTIONS = NO;
				ENABLE_STRICT_OBJC_MSGSEND = YES;
				GCC_C_LANGUAGE_STANDARD = gnu11;
				GCC_NO_COMMON_BLOCKS = YES;
				GCC_WARN_64_TO_32_BIT_CONVERSION = YES;
				GCC_WARN_ABOUT_RETURN_TYPE = YES_ERROR;
				GCC_WARN_UNDECLARED_SELECTOR = YES;
				GCC_WARN_UNINITIALIZED_AUTOS = YES_AGGRESSIVE;
				GCC_WARN_UNUSED_FUNCTION = YES;
				GCC_WARN_UNUSED_VARIABLE = YES;
				IPHONEOS_DEPLOYMENT_TARGET = 16.0;
				MTL_ENABLE_DEBUG_INFO = NO;
				MTL_FAST_MATH = YES;
				SDKROOT = iphoneos;
				SWIFT_COMPILATION_MODE = wholemodule;
				SWIFT_OPTIMIZATION_LEVEL = "-O";
				VALIDATE_PRODUCT = YES;
			};
			name = Release;
		};
		CF34665428D13B87006F4F8A /* Debug */ = {
			isa = XCBuildConfiguration;
			baseConfigurationReference = 11460BF9CB9641BD8EA94C31 /* Pods-Flix1.debug.xcconfig */;
			buildSettings = {
				ASSETCATALOG_COMPILER_APPICON_NAME = AppIcon;
				ASSETCATALOG_COMPILER_GLOBAL_ACCENT_COLOR_NAME = AccentColor;
				CODE_SIGN_IDENTITY = "Apple Development";
				CODE_SIGN_STYLE = Automatic;
				CURRENT_PROJECT_VERSION = 1;
				DEVELOPMENT_TEAM = 9C8A8B2ANK;
				GENERATE_INFOPLIST_FILE = YES;
				INFOPLIST_FILE = Flix1/Info.plist;
				INFOPLIST_KEY_UIApplicationSupportsIndirectInputEvents = YES;
				INFOPLIST_KEY_UILaunchStoryboardName = LaunchScreen;
				INFOPLIST_KEY_UIMainStoryboardFile = Main;
				INFOPLIST_KEY_UISupportedInterfaceOrientations_iPad = "UIInterfaceOrientationPortrait UIInterfaceOrientationPortraitUpsideDown UIInterfaceOrientationLandscapeLeft UIInterfaceOrientationLandscapeRight";
				INFOPLIST_KEY_UISupportedInterfaceOrientations_iPhone = "UIInterfaceOrientationPortrait UIInterfaceOrientationLandscapeLeft UIInterfaceOrientationLandscapeRight";
				LD_RUNPATH_SEARCH_PATHS = (
					"$(inherited)",
					"@executable_path/Frameworks",
				);
				MARKETING_VERSION = 1.0;
				PRODUCT_BUNDLE_IDENTIFIER = com.codepath.Tipster01;
				PRODUCT_NAME = "$(TARGET_NAME)";
				PROVISIONING_PROFILE_SPECIFIER = "";
				SWIFT_EMIT_LOC_STRINGS = YES;
				SWIFT_VERSION = 5.0;
				TARGETED_DEVICE_FAMILY = "1,2";
			};
			name = Debug;
		};
		CF34665528D13B87006F4F8A /* Release */ = {
			isa = XCBuildConfiguration;
			baseConfigurationReference = 0B39B34262EF97DE5E332E80 /* Pods-Flix1.release.xcconfig */;
			buildSettings = {
				ASSETCATALOG_COMPILER_APPICON_NAME = AppIcon;
				ASSETCATALOG_COMPILER_GLOBAL_ACCENT_COLOR_NAME = AccentColor;
				CODE_SIGN_IDENTITY = "Apple Development";
				CODE_SIGN_STYLE = Automatic;
				CURRENT_PROJECT_VERSION = 1;
				DEVELOPMENT_TEAM = 9C8A8B2ANK;
				GENERATE_INFOPLIST_FILE = YES;
				INFOPLIST_FILE = Flix1/Info.plist;
				INFOPLIST_KEY_UIApplicationSupportsIndirectInputEvents = YES;
				INFOPLIST_KEY_UILaunchStoryboardName = LaunchScreen;
				INFOPLIST_KEY_UIMainStoryboardFile = Main;
				INFOPLIST_KEY_UISupportedInterfaceOrientations_iPad = "UIInterfaceOrientationPortrait UIInterfaceOrientationPortraitUpsideDown UIInterfaceOrientationLandscapeLeft UIInterfaceOrientationLandscapeRight";
				INFOPLIST_KEY_UISupportedInterfaceOrientations_iPhone = "UIInterfaceOrientationPortrait UIInterfaceOrientationLandscapeLeft UIInterfaceOrientationLandscapeRight";
				LD_RUNPATH_SEARCH_PATHS = (
					"$(inherited)",
					"@executable_path/Frameworks",
				);
				MARKETING_VERSION = 1.0;
				PRODUCT_BUNDLE_IDENTIFIER = com.codepath.Tipster01;
				PRODUCT_NAME = "$(TARGET_NAME)";
				PROVISIONING_PROFILE_SPECIFIER = "";
				SWIFT_EMIT_LOC_STRINGS = YES;
				SWIFT_VERSION = 5.0;
				TARGETED_DEVICE_FAMILY = "1,2";
			};
			name = Release;
		};
		CF34665728D13B87006F4F8A /* Debug */ = {
			isa = XCBuildConfiguration;
			baseConfigurationReference = 03D197016A4AD6E310E76809 /* Pods-Flix1Tests.debug.xcconfig */;
			buildSettings = {
				ALWAYS_EMBED_SWIFT_STANDARD_LIBRARIES = YES;
				BUNDLE_LOADER = "$(TEST_HOST)";
				CODE_SIGN_STYLE = Automatic;
				CURRENT_PROJECT_VERSION = 1;
				DEVELOPMENT_TEAM = 9C8A8B2ANK;
				GENERATE_INFOPLIST_FILE = YES;
				IPHONEOS_DEPLOYMENT_TARGET = 16.0;
				MARKETING_VERSION = 1.0;
				PRODUCT_BUNDLE_IDENTIFIER = com.codepath.Flix1Tests;
				PRODUCT_NAME = "$(TARGET_NAME)";
				SWIFT_EMIT_LOC_STRINGS = NO;
				SWIFT_VERSION = 5.0;
				TARGETED_DEVICE_FAMILY = "1,2";
				TEST_HOST = "$(BUILT_PRODUCTS_DIR)/Flix1.app/$(BUNDLE_EXECUTABLE_FOLDER_PATH)/Flix1";
			};
			name = Debug;
		};
		CF34665828D13B87006F4F8A /* Release */ = {
			isa = XCBuildConfiguration;
			baseConfigurationReference = 864390A50CB441C5037FE73C /* Pods-Flix1Tests.release.xcconfig */;
			buildSettings = {
				ALWAYS_EMBED_SWIFT_STANDARD_LIBRARIES = YES;
				BUNDLE_LOADER = "$(TEST_HOST)";
				CODE_SIGN_STYLE = Automatic;
				CURRENT_PROJECT_VERSION = 1;
				DEVELOPMENT_TEAM = 9C8A8B2ANK;
				GENERATE_INFOPLIST_FILE = YES;
				IPHONEOS_DEPLOYMENT_TARGET = 16.0;
				MARKETING_VERSION = 1.0;
				PRODUCT_BUNDLE_IDENTIFIER = com.codepath.Flix1Tests;
				PRODUCT_NAME = "$(TARGET_NAME)";
				SWIFT_EMIT_LOC_STRINGS = NO;
				SWIFT_VERSION = 5.0;
				TARGETED_DEVICE_FAMILY = "1,2";
				TEST_HOST = "$(BUILT_PRODUCTS_DIR)/Flix1.app/$(BUNDLE_EXECUTABLE_FOLDER_PATH)/Flix1";
			};
			name = Release;
		};
		CF34665A28D13B87006F4F8A /* Debug */ = {
			isa = XCBuildConfiguration;
			baseConfigurationReference = B26AA35F272A75C70CB894EC /* Pods-Flix1-Flix1UITests.debug.xcconfig */;
			buildSettings = {
				ALWAYS_EMBED_SWIFT_STANDARD_LIBRARIES = YES;
				CODE_SIGN_STYLE = Automatic;
				CURRENT_PROJECT_VERSION = 1;
				DEVELOPMENT_TEAM = 9C8A8B2ANK;
				GENERATE_INFOPLIST_FILE = YES;
				MARKETING_VERSION = 1.0;
				PRODUCT_BUNDLE_IDENTIFIER = com.codepath.Flix1UITests;
				PRODUCT_NAME = "$(TARGET_NAME)";
				SWIFT_EMIT_LOC_STRINGS = NO;
				SWIFT_VERSION = 5.0;
				TARGETED_DEVICE_FAMILY = "1,2";
				TEST_TARGET_NAME = Flix1;
			};
			name = Debug;
		};
		CF34665B28D13B87006F4F8A /* Release */ = {
			isa = XCBuildConfiguration;
			baseConfigurationReference = 90E0469A84F6185DD848A90B /* Pods-Flix1-Flix1UITests.release.xcconfig */;
			buildSettings = {
				ALWAYS_EMBED_SWIFT_STANDARD_LIBRARIES = YES;
				CODE_SIGN_STYLE = Automatic;
				CURRENT_PROJECT_VERSION = 1;
				DEVELOPMENT_TEAM = 9C8A8B2ANK;
				GENERATE_INFOPLIST_FILE = YES;
				MARKETING_VERSION = 1.0;
				PRODUCT_BUNDLE_IDENTIFIER = com.codepath.Flix1UITests;
				PRODUCT_NAME = "$(TARGET_NAME)";
				SWIFT_EMIT_LOC_STRINGS = NO;
				SWIFT_VERSION = 5.0;
				TARGETED_DEVICE_FAMILY = "1,2";
				TEST_TARGET_NAME = Flix1;
			};
			name = Release;
		};
/* End XCBuildConfiguration section */

/* Begin XCConfigurationList section */
		CF34662428D13B87006F4F8A /* Build configuration list for PBXProject "Flix1" */ = {
			isa = XCConfigurationList;
			buildConfigurations = (
				CF34665128D13B87006F4F8A /* Debug */,
				CF34665228D13B87006F4F8A /* Release */,
			);
			defaultConfigurationIsVisible = 0;
			defaultConfigurationName = Release;
		};
		CF34665328D13B87006F4F8A /* Build configuration list for PBXNativeTarget "Flix1" */ = {
			isa = XCConfigurationList;
			buildConfigurations = (
				CF34665428D13B87006F4F8A /* Debug */,
				CF34665528D13B87006F4F8A /* Release */,
			);
			defaultConfigurationIsVisible = 0;
			defaultConfigurationName = Release;
		};
		CF34665628D13B87006F4F8A /* Build configuration list for PBXNativeTarget "Flix1Tests" */ = {
			isa = XCConfigurationList;
			buildConfigurations = (
				CF34665728D13B87006F4F8A /* Debug */,
				CF34665828D13B87006F4F8A /* Release */,
			);
			defaultConfigurationIsVisible = 0;
			defaultConfigurationName = Release;
		};
		CF34665928D13B87006F4F8A /* Build configuration list for PBXNativeTarget "Flix1UITests" */ = {
			isa = XCConfigurationList;
			buildConfigurations = (
				CF34665A28D13B87006F4F8A /* Debug */,
				CF34665B28D13B87006F4F8A /* Release */,
			);
			defaultConfigurationIsVisible = 0;
			defaultConfigurationName = Release;
		};
/* End XCConfigurationList section */

/* Begin XCRemoteSwiftPackageReference section */
		CF34665E28D15761006F4F8A /* XCRemoteSwiftPackageReference "AlamofireImage" */ = {
			isa = XCRemoteSwiftPackageReference;
			repositoryURL = "https://github.com/Alamofire/AlamofireImage";
			requirement = {
				kind = upToNextMajorVersion;
				minimumVersion = 4.0.0;
			};
		};
/* End XCRemoteSwiftPackageReference section */

/* Begin XCSwiftPackageProductDependency section */
		CF34665F28D15761006F4F8A /* AlamofireImage */ = {
			isa = XCSwiftPackageProductDependency;
			package = CF34665E28D15761006F4F8A /* XCRemoteSwiftPackageReference "AlamofireImage" */;
			productName = AlamofireImage;
		};
/* End XCSwiftPackageProductDependency section */
	};
	rootObject = CF34662128D13B87006F4F8A /* Project object */;
}
